
Microsoft Visual Studio Solution File, Format Version 12.00
Project("{FAE04EC0-301F-11D3-BF4B-00C04F79EFBC}") = "GarbageExperiment", "GarbageExperiment.csproj", "{4CF77A63-99E0-49A1-9C92-251C96B0CE99}"
EndProject
Global
	GlobalSection(SolutionConfigurationPlatforms) = preSolution
		Debug|Any CPU = Debug|Any CPU
		Release|Any CPU = Release|Any CPU
	EndGlobalSection
	GlobalSection(ProjectConfigurationPlatforms) = postSolution
		{4CF77A63-99E0-49A1-9C92-251C96B0CE99}.Debug|Any CPU.ActiveCfg = Debug|Any CPU
		{4CF77A63-99E0-49A1-9C92-251C96B0CE99}.Debug|Any CPU.Build.0 = Debug|Any CPU
		{4CF77A63-99E0-49A1-9C92-251C96B0CE99}.Release|Any CPU.ActiveCfg = Release|Any CPU
		{4CF77A63-99E0-49A1-9C92-251C96B0CE99}.Release|Any CPU.Build.0 = Release|Any CPU
	EndGlobalSection
EndGlobal
